
Microsoft Visual Studio Solution File, Format Version 12.00
# Visual Studio Version 17
VisualStudioVersion = 17.2.32616.157
MinimumVisualStudioVersion = 10.0.40219.1
Project("{FAE04EC0-301F-11D3-BF4B-00C04F79EFBC}") = "TRPO5", "TRPO5\TRPO5.csproj", "{FDD7DAAF-9E80-4922-8BB1-96636691541E}"
EndProject
Global
	GlobalSection(SolutionConfigurationPlatforms) = preSolution
		Debug|Any CPU = Debug|Any CPU
		Release|Any CPU = Release|Any CPU
	EndGlobalSection
	GlobalSection(ProjectConfigurationPlatforms) = postSolution
		{FDD7DAAF-9E80-4922-8BB1-96636691541E}.Debug|Any CPU.ActiveCfg = Debug|Any CPU
		{FDD7DAAF-9E80-4922-8BB1-96636691541E}.Debug|Any CPU.Build.0 = Debug|Any CPU
		{FDD7DAAF-9E80-4922-8BB1-96636691541E}.Release|Any CPU.ActiveCfg = Release|Any CPU
		{FDD7DAAF-9E80-4922-8BB1-96636691541E}.Release|Any CPU.Build.0 = Release|Any CPU
	EndGlobalSection
	GlobalSection(SolutionProperties) = preSolution
		HideSolutionNode = FALSE
	EndGlobalSection
	GlobalSection(ExtensibilityGlobals) = postSolution
		SolutionGuid = {5483E1D0-3324-44E5-B5E6-BF5C398B0E50}
	EndGlobalSection
EndGlobal
